
Microsoft Visual Studio Solution File, Format Version 12.00
# Visual Studio 2012
Project("{FAE04EC0-301F-11D3-BF4B-00C04F79EFBC}") = "HelloWebForms", "HelloWebForms\HelloWebForms.csproj", "{7B30B752-6122-4229-83BA-69546F008E5B}"
EndProject
Project("{FAE04EC0-301F-11D3-BF4B-00C04F79EFBC}") = "AssemblyLocation", "AssemblyLocation\AssemblyLocation.csproj", "{E313A2A6-EB92-4C63-952E-856B62507DF6}"
EndProject
Project("{FAE04EC0-301F-11D3-BF4B-00C04F79EFBC}") = "DumpAllEvents", "DumpAllEvents\DumpAllEvents.csproj", "{16CE7D53-DFC1-483A-9065-314564EEAA00}"
EndProject
Global
	GlobalSection(SolutionConfigurationPlatforms) = preSolution
		Debug|Any CPU = Debug|Any CPU
		Release|Any CPU = Release|Any CPU
	EndGlobalSection
	GlobalSection(ProjectConfigurationPlatforms) = postSolution
		{7B30B752-6122-4229-83BA-69546F008E5B}.Debug|Any CPU.ActiveCfg = Debug|Any CPU
		{7B30B752-6122-4229-83BA-69546F008E5B}.Debug|Any CPU.Build.0 = Debug|Any CPU
		{7B30B752-6122-4229-83BA-69546F008E5B}.Release|Any CPU.ActiveCfg = Release|Any CPU
		{7B30B752-6122-4229-83BA-69546F008E5B}.Release|Any CPU.Build.0 = Release|Any CPU
		{E313A2A6-EB92-4C63-952E-856B62507DF6}.Debug|Any CPU.ActiveCfg = Debug|Any CPU
		{E313A2A6-EB92-4C63-952E-856B62507DF6}.Debug|Any CPU.Build.0 = Debug|Any CPU
		{E313A2A6-EB92-4C63-952E-856B62507DF6}.Release|Any CPU.ActiveCfg = Release|Any CPU
		{E313A2A6-EB92-4C63-952E-856B62507DF6}.Release|Any CPU.Build.0 = Release|Any CPU
		{16CE7D53-DFC1-483A-9065-314564EEAA00}.Debug|Any CPU.ActiveCfg = Debug|Any CPU
		{16CE7D53-DFC1-483A-9065-314564EEAA00}.Debug|Any CPU.Build.0 = Debug|Any CPU
		{16CE7D53-DFC1-483A-9065-314564EEAA00}.Release|Any CPU.ActiveCfg = Release|Any CPU
		{16CE7D53-DFC1-483A-9065-314564EEAA00}.Release|Any CPU.Build.0 = Release|Any CPU
	EndGlobalSection
	GlobalSection(SolutionProperties) = preSolution
		HideSolutionNode = FALSE
	EndGlobalSection
EndGlobal
