
Microsoft Visual Studio Solution File, Format Version 12.00
# Visual Studio 2012
Project("{FAE04EC0-301F-11D3-BF4B-00C04F79EFBC}") = "SampleExamApplication", "SampleExamApplication\SampleExamApplication.csproj", "{FB684DE6-1017-4571-A341-F14CD25C78A0}"
EndProject
Global
	GlobalSection(SolutionConfigurationPlatforms) = preSolution
		Debug|Any CPU = Debug|Any CPU
		Release|Any CPU = Release|Any CPU
	EndGlobalSection
	GlobalSection(ProjectConfigurationPlatforms) = postSolution
		{FB684DE6-1017-4571-A341-F14CD25C78A0}.Debug|Any CPU.ActiveCfg = Debug|Any CPU
		{FB684DE6-1017-4571-A341-F14CD25C78A0}.Debug|Any CPU.Build.0 = Debug|Any CPU
		{FB684DE6-1017-4571-A341-F14CD25C78A0}.Release|Any CPU.ActiveCfg = Release|Any CPU
		{FB684DE6-1017-4571-A341-F14CD25C78A0}.Release|Any CPU.Build.0 = Release|Any CPU
	EndGlobalSection
	GlobalSection(SolutionProperties) = preSolution
		HideSolutionNode = FALSE
	EndGlobalSection
EndGlobal
