
Microsoft Visual Studio Solution File, Format Version 12.00
# Visual Studio 2013
VisualStudioVersion = 12.0.20827.3
MinimumVisualStudioVersion = 10.0.40219.1
Project("{FAE04EC0-301F-11D3-BF4B-00C04F79EFBC}") = "WebCalculator", "WebCalculator\WebCalculator.csproj", "{DC87F326-D815-4385-B369-2CE9AF16B885}"
EndProject
Project("{FAE04EC0-301F-11D3-BF4B-00C04F79EFBC}") = "BookSystem", "BookSystem\BookSystem.csproj", "{4CED704A-2410-4B5E-B7E5-44DD23BD2D09}"
EndProject
Global
	GlobalSection(SolutionConfigurationPlatforms) = preSolution
		Debug|Any CPU = Debug|Any CPU
		Release|Any CPU = Release|Any CPU
	EndGlobalSection
	GlobalSection(ProjectConfigurationPlatforms) = postSolution
		{DC87F326-D815-4385-B369-2CE9AF16B885}.Debug|Any CPU.ActiveCfg = Debug|Any CPU
		{DC87F326-D815-4385-B369-2CE9AF16B885}.Debug|Any CPU.Build.0 = Debug|Any CPU
		{DC87F326-D815-4385-B369-2CE9AF16B885}.Release|Any CPU.ActiveCfg = Release|Any CPU
		{DC87F326-D815-4385-B369-2CE9AF16B885}.Release|Any CPU.Build.0 = Release|Any CPU
		{4CED704A-2410-4B5E-B7E5-44DD23BD2D09}.Debug|Any CPU.ActiveCfg = Debug|Any CPU
		{4CED704A-2410-4B5E-B7E5-44DD23BD2D09}.Debug|Any CPU.Build.0 = Debug|Any CPU
		{4CED704A-2410-4B5E-B7E5-44DD23BD2D09}.Release|Any CPU.ActiveCfg = Release|Any CPU
		{4CED704A-2410-4B5E-B7E5-44DD23BD2D09}.Release|Any CPU.Build.0 = Release|Any CPU
	EndGlobalSection
	GlobalSection(SolutionProperties) = preSolution
		HideSolutionNode = FALSE
	EndGlobalSection
EndGlobal
