
Microsoft Visual Studio Solution File, Format Version 12.00
# Visual Studio 2013
VisualStudioVersion = 12.0.21005.1
MinimumVisualStudioVersion = 10.0.40219.1
Project("{FAE04EC0-301F-11D3-BF4B-00C04F79EFBC}") = "ContactBook.Data", "ContactBook.Data\ContactBook.Data.csproj", "{BF1F99D3-F1D2-439E-9753-9E088732D42F}"
EndProject
Project("{FAE04EC0-301F-11D3-BF4B-00C04F79EFBC}") = "ContactBook.ConsoleApp", "ConstactBook.ConsoleApp\ContactBook.ConsoleApp.csproj", "{CDEBF281-718E-449C-986F-248E97BDC362}"
EndProject
Project("{FAE04EC0-301F-11D3-BF4B-00C04F79EFBC}") = "ContactBook.App", "ContactBook.App\ContactBook.App.csproj", "{9F9F1A5A-2EF7-44B3-B11F-A28EE9B46923}"
EndProject
Global
	GlobalSection(SolutionConfigurationPlatforms) = preSolution
		Debug|Any CPU = Debug|Any CPU
		Release|Any CPU = Release|Any CPU
	EndGlobalSection
	GlobalSection(ProjectConfigurationPlatforms) = postSolution
		{BF1F99D3-F1D2-439E-9753-9E088732D42F}.Debug|Any CPU.ActiveCfg = Debug|Any CPU
		{BF1F99D3-F1D2-439E-9753-9E088732D42F}.Debug|Any CPU.Build.0 = Debug|Any CPU
		{BF1F99D3-F1D2-439E-9753-9E088732D42F}.Release|Any CPU.ActiveCfg = Release|Any CPU
		{BF1F99D3-F1D2-439E-9753-9E088732D42F}.Release|Any CPU.Build.0 = Release|Any CPU
		{CDEBF281-718E-449C-986F-248E97BDC362}.Debug|Any CPU.ActiveCfg = Debug|Any CPU
		{CDEBF281-718E-449C-986F-248E97BDC362}.Debug|Any CPU.Build.0 = Debug|Any CPU
		{CDEBF281-718E-449C-986F-248E97BDC362}.Release|Any CPU.ActiveCfg = Release|Any CPU
		{CDEBF281-718E-449C-986F-248E97BDC362}.Release|Any CPU.Build.0 = Release|Any CPU
		{9F9F1A5A-2EF7-44B3-B11F-A28EE9B46923}.Debug|Any CPU.ActiveCfg = Debug|Any CPU
		{9F9F1A5A-2EF7-44B3-B11F-A28EE9B46923}.Debug|Any CPU.Build.0 = Debug|Any CPU
		{9F9F1A5A-2EF7-44B3-B11F-A28EE9B46923}.Release|Any CPU.ActiveCfg = Release|Any CPU
		{9F9F1A5A-2EF7-44B3-B11F-A28EE9B46923}.Release|Any CPU.Build.0 = Release|Any CPU
	EndGlobalSection
	GlobalSection(SolutionProperties) = preSolution
		HideSolutionNode = FALSE
	EndGlobalSection
	GlobalSection(ExtensibilityGlobals) = postSolution
		EnterpriseLibraryConfigurationToolBinariesPath = packages\Unity.2.1.505.2\lib\NET35
	EndGlobalSection
EndGlobal
