
Microsoft Visual Studio Solution File, Format Version 12.00
# Visual Studio 2012
Project("{FAE04EC0-301F-11D3-BF4B-00C04F79EFBC}") = "1. BinaryPasswords", "BinaryPasswords\1. BinaryPasswords.csproj", "{8218CED9-93F3-49DB-BD4E-CF5A98549AE5}"
EndProject
Project("{FAE04EC0-301F-11D3-BF4B-00C04F79EFBC}") = "3. Divisors", "Divisors\3. Divisors.csproj", "{46D4142F-2B31-4941-9FF1-40E87A02A4CC}"
EndProject
Global
	GlobalSection(SolutionConfigurationPlatforms) = preSolution
		Debug|Any CPU = Debug|Any CPU
		Release|Any CPU = Release|Any CPU
	EndGlobalSection
	GlobalSection(ProjectConfigurationPlatforms) = postSolution
		{8218CED9-93F3-49DB-BD4E-CF5A98549AE5}.Debug|Any CPU.ActiveCfg = Debug|Any CPU
		{8218CED9-93F3-49DB-BD4E-CF5A98549AE5}.Debug|Any CPU.Build.0 = Debug|Any CPU
		{8218CED9-93F3-49DB-BD4E-CF5A98549AE5}.Release|Any CPU.ActiveCfg = Release|Any CPU
		{8218CED9-93F3-49DB-BD4E-CF5A98549AE5}.Release|Any CPU.Build.0 = Release|Any CPU
		{46D4142F-2B31-4941-9FF1-40E87A02A4CC}.Debug|Any CPU.ActiveCfg = Debug|Any CPU
		{46D4142F-2B31-4941-9FF1-40E87A02A4CC}.Debug|Any CPU.Build.0 = Debug|Any CPU
		{46D4142F-2B31-4941-9FF1-40E87A02A4CC}.Release|Any CPU.ActiveCfg = Release|Any CPU
		{46D4142F-2B31-4941-9FF1-40E87A02A4CC}.Release|Any CPU.Build.0 = Release|Any CPU
	EndGlobalSection
	GlobalSection(SolutionProperties) = preSolution
		HideSolutionNode = FALSE
	EndGlobalSection
EndGlobal
