
Microsoft Visual Studio Solution File, Format Version 12.00
# Visual Studio 2012
Project("{FAE04EC0-301F-11D3-BF4B-00C04F79EFBC}") = "School", "School\School.csproj", "{1CA6C398-84EE-483D-B2CE-B2F643EDBE19}"
EndProject
Project("{FAE04EC0-301F-11D3-BF4B-00C04F79EFBC}") = "TestSchool", "TestSchool\TestSchool.csproj", "{CCA21CDC-E2F1-4272-85AB-B23811115379}"
EndProject
Global
	GlobalSection(SolutionConfigurationPlatforms) = preSolution
		Debug|Any CPU = Debug|Any CPU
		Release|Any CPU = Release|Any CPU
	EndGlobalSection
	GlobalSection(ProjectConfigurationPlatforms) = postSolution
		{1CA6C398-84EE-483D-B2CE-B2F643EDBE19}.Debug|Any CPU.ActiveCfg = Debug|Any CPU
		{1CA6C398-84EE-483D-B2CE-B2F643EDBE19}.Debug|Any CPU.Build.0 = Debug|Any CPU
		{1CA6C398-84EE-483D-B2CE-B2F643EDBE19}.Release|Any CPU.ActiveCfg = Release|Any CPU
		{1CA6C398-84EE-483D-B2CE-B2F643EDBE19}.Release|Any CPU.Build.0 = Release|Any CPU
		{CCA21CDC-E2F1-4272-85AB-B23811115379}.Debug|Any CPU.ActiveCfg = Debug|Any CPU
		{CCA21CDC-E2F1-4272-85AB-B23811115379}.Debug|Any CPU.Build.0 = Debug|Any CPU
		{CCA21CDC-E2F1-4272-85AB-B23811115379}.Release|Any CPU.ActiveCfg = Release|Any CPU
		{CCA21CDC-E2F1-4272-85AB-B23811115379}.Release|Any CPU.Build.0 = Release|Any CPU
	EndGlobalSection
	GlobalSection(SolutionProperties) = preSolution
		HideSolutionNode = FALSE
	EndGlobalSection
EndGlobal
